
Microsoft Visual Studio Solution File, Format Version 12.00
# Visual Studio Version 17
VisualStudioVersion = 17.11.35327.3
MinimumVisualStudioVersion = 10.0.40219.1
Project("{778DAE3C-4631-46EA-AA77-85C1314464D9}") = "POS", "POS.vbproj", "{3BFDCA60-BF74-4786-BD19-74C0D908F111}"
EndProject
Global
	GlobalSection(SolutionConfigurationPlatforms) = preSolution
		Debug|Any CPU = Debug|Any CPU
		Release|Any CPU = Release|Any CPU
	EndGlobalSection
	GlobalSection(ProjectConfigurationPlatforms) = postSolution
		{3BFDCA60-BF74-4786-BD19-74C0D908F111}.Debug|Any CPU.ActiveCfg = Debug|Any CPU
		{3BFDCA60-BF74-4786-BD19-74C0D908F111}.Debug|Any CPU.Build.0 = Debug|Any CPU
		{3BFDCA60-BF74-4786-BD19-74C0D908F111}.Release|Any CPU.ActiveCfg = Release|Any CPU
		{3BFDCA60-BF74-4786-BD19-74C0D908F111}.Release|Any CPU.Build.0 = Release|Any CPU
	EndGlobalSection
	GlobalSection(SolutionProperties) = preSolution
		HideSolutionNode = FALSE
	EndGlobalSection
	GlobalSection(ExtensibilityGlobals) = postSolution
		SolutionGuid = {00ABA402-FB68-4202-9E1D-2238F1499017}
	EndGlobalSection
EndGlobal
